// !$*UTF8*$!
{
	archiveVersion = 1;
	classes = {
	};
	objectVersion = 51;
	objects = {

/* Begin PBXBuildFile section */
		BBC20870C3B8181143583DA6 /* Pods_THEMedRecTests.framework in Frameworks */ = {isa = PBXBuildFile; fileRef = 3675E43549B20D4B614D8AF2 /* Pods_THEMedRecTests.framework */; };
		C18CCB6422D12CE9003228B4 /* THEMedRecTests.swift in Sources */ = {isa = PBXBuildFile; fileRef = C18CCB6322D12CE9003228B4 /* THEMedRecTests.swift */; };
		E65B78C9CB50B39FE20A3073 /* Pods_THEMedRec.framework in Frameworks */ = {isa = PBXBuildFile; fileRef = 930F3E3283B6ECC139224B03 /* Pods_THEMedRec.framework */; };
		F011610422E0F5F100D433B2 /* Extensions.swift in Sources */ = {isa = PBXBuildFile; fileRef = F011610322E0F5F100D433B2 /* Extensions.swift */; };
		F0143F6222FBD26D004DF047 /* ChatLogController.swift in Sources */ = {isa = PBXBuildFile; fileRef = F0143F6122FBD26D004DF047 /* ChatLogController.swift */; };
		F0143F6422FBF0BF004DF047 /* Message.swift in Sources */ = {isa = PBXBuildFile; fileRef = F0143F6322FBF0BE004DF047 /* Message.swift */; };
		F021592422DD05A600A2A530 /* User.swift in Sources */ = {isa = PBXBuildFile; fileRef = F021592322DD05A600A2A530 /* User.swift */; };
		F0667DB922DCDFC900B4DE18 /* LaunchScreen.storyboard in Resources */ = {isa = PBXBuildFile; fileRef = F0667D9E22DCDFC900B4DE18 /* LaunchScreen.storyboard */; };
		F0667DBA22DCDFC900B4DE18 /* Start.storyboard in Resources */ = {isa = PBXBuildFile; fileRef = F0667D9F22DCDFC900B4DE18 /* Start.storyboard */; };
		F0667DBB22DCDFC900B4DE18 /* Home.storyboard in Resources */ = {isa = PBXBuildFile; fileRef = F0667DA022DCDFC900B4DE18 /* Home.storyboard */; };
		F0667DBC22DCDFC900B4DE18 /* Main.storyboard in Resources */ = {isa = PBXBuildFile; fileRef = F0667DA122DCDFC900B4DE18 /* Main.storyboard */; };
		F0667DBD22DCDFC900B4DE18 /* Schedule.storyboard in Resources */ = {isa = PBXBuildFile; fileRef = F0667DA222DCDFC900B4DE18 /* Schedule.storyboard */; };
		F0667DBE22DCDFC900B4DE18 /* Settings.storyboard in Resources */ = {isa = PBXBuildFile; fileRef = F0667DA322DCDFC900B4DE18 /* Settings.storyboard */; };
		F0667DBF22DCDFC900B4DE18 /* Account.storyboard in Resources */ = {isa = PBXBuildFile; fileRef = F0667DA422DCDFC900B4DE18 /* Account.storyboard */; };
		F0667DC022DCDFC900B4DE18 /* SignUpViewController+UI.swift in Sources */ = {isa = PBXBuildFile; fileRef = F0667DA622DCDFC900B4DE18 /* SignUpViewController+UI.swift */; };
		F0667DC222DCDFC900B4DE18 /* SignUpViewController.swift in Sources */ = {isa = PBXBuildFile; fileRef = F0667DA922DCDFC900B4DE18 /* SignUpViewController.swift */; };
		F0667DC422DCDFC900B4DE18 /* HomeViewController.swift in Sources */ = {isa = PBXBuildFile; fileRef = F0667DAB22DCDFC900B4DE18 /* HomeViewController.swift */; };
		F0667DC522DCDFC900B4DE18 /* CalendarViewController.swift in Sources */ = {isa = PBXBuildFile; fileRef = F0667DAC22DCDFC900B4DE18 /* CalendarViewController.swift */; };
		F0667DC622DCDFC900B4DE18 /* AccountViewController.swift in Sources */ = {isa = PBXBuildFile; fileRef = F0667DAD22DCDFC900B4DE18 /* AccountViewController.swift */; };
		F0667DC722DCDFC900B4DE18 /* SignInViewController.swift in Sources */ = {isa = PBXBuildFile; fileRef = F0667DAE22DCDFC900B4DE18 /* SignInViewController.swift */; };
		F0667DC822DCDFC900B4DE18 /* SettingsViewController.swift in Sources */ = {isa = PBXBuildFile; fileRef = F0667DAF22DCDFC900B4DE18 /* SettingsViewController.swift */; };
		F0667DC922DCDFC900B4DE18 /* Assets.xcassets in Resources */ = {isa = PBXBuildFile; fileRef = F0667DB122DCDFC900B4DE18 /* Assets.xcassets */; };
		F0667DCA22DCDFC900B4DE18 /* GoogleService-Info.plist in Resources */ = {isa = PBXBuildFile; fileRef = F0667DB222DCDFC900B4DE18 /* GoogleService-Info.plist */; };
		F0667DCF22DCDFC900B4DE18 /* AppDelegate.swift in Sources */ = {isa = PBXBuildFile; fileRef = F0667DB822DCDFC900B4DE18 /* AppDelegate.swift */; };
		F0667DD122DCEF2900B4DE18 /* MessageTableViewController.swift in Sources */ = {isa = PBXBuildFile; fileRef = F0667DD022DCEF2900B4DE18 /* MessageTableViewController.swift */; };
		F0667DD322DCF5C000B4DE18 /* NewMessageViewController.swift in Sources */ = {isa = PBXBuildFile; fileRef = F0667DD222DCF5C000B4DE18 /* NewMessageViewController.swift */; };
		F069A4DF22FC9A4300E1F9BF /* UserCell.swift in Sources */ = {isa = PBXBuildFile; fileRef = F069A4DE22FC9A4300E1F9BF /* UserCell.swift */; };
		F08981DD230AE2D100559022 /* ChatMessageCell.swift in Sources */ = {isa = PBXBuildFile; fileRef = F08981DC230AE2D100559022 /* ChatMessageCell.swift */; };
		F0E4267C22F9ECD50036DD4E /* MessagesTable.storyboard in Resources */ = {isa = PBXBuildFile; fileRef = F0E4267B22F9ECD50036DD4E /* MessagesTable.storyboard */; };
		F6B1B29622D3AABF0086A5A9 /* EventKit.framework in Frameworks */ = {isa = PBXBuildFile; fileRef = F6B1B29522D3AABF0086A5A9 /* EventKit.framework */; };
/* End PBXBuildFile section */

/* Begin PBXContainerItemProxy section */
		C18CCB6022D12CE9003228B4 /* PBXContainerItemProxy */ = {
			isa = PBXContainerItemProxy;
			containerPortal = C18CCB4322D12CE8003228B4 /* Project object */;
			proxyType = 1;
			remoteGlobalIDString = C18CCB4A22D12CE8003228B4;
			remoteInfo = THEMedRec;
		};
/* End PBXContainerItemProxy section */

/* Begin PBXFileReference section */
		3675E43549B20D4B614D8AF2 /* Pods_THEMedRecTests.framework */ = {isa = PBXFileReference; explicitFileType = wrapper.framework; includeInIndex = 0; path = Pods_THEMedRecTests.framework; sourceTree = BUILT_PRODUCTS_DIR; };
		718D077236C23781909F12DE /* Pods-THEMedRec.release.xcconfig */ = {isa = PBXFileReference; includeInIndex = 1; lastKnownFileType = text.xcconfig; name = "Pods-THEMedRec.release.xcconfig"; path = "Pods/Target Support Files/Pods-THEMedRec/Pods-THEMedRec.release.xcconfig"; sourceTree = "<group>"; };
		930F3E3283B6ECC139224B03 /* Pods_THEMedRec.framework */ = {isa = PBXFileReference; explicitFileType = wrapper.framework; includeInIndex = 0; path = Pods_THEMedRec.framework; sourceTree = BUILT_PRODUCTS_DIR; };
		9A3E00A1FF277071A321DB46 /* Pods-THEMedRecTests.release.xcconfig */ = {isa = PBXFileReference; includeInIndex = 1; lastKnownFileType = text.xcconfig; name = "Pods-THEMedRecTests.release.xcconfig"; path = "Pods/Target Support Files/Pods-THEMedRecTests/Pods-THEMedRecTests.release.xcconfig"; sourceTree = "<group>"; };
		C18CCB4B22D12CE8003228B4 /* THEMedRec.app */ = {isa = PBXFileReference; explicitFileType = wrapper.application; includeInIndex = 0; path = THEMedRec.app; sourceTree = BUILT_PRODUCTS_DIR; };
		C18CCB5F22D12CE9003228B4 /* THEMedRecTests.xctest */ = {isa = PBXFileReference; explicitFileType = wrapper.cfbundle; includeInIndex = 0; path = THEMedRecTests.xctest; sourceTree = BUILT_PRODUCTS_DIR; };
		C18CCB6322D12CE9003228B4 /* THEMedRecTests.swift */ = {isa = PBXFileReference; lastKnownFileType = sourcecode.swift; path = THEMedRecTests.swift; sourceTree = "<group>"; };
		C18CCB6522D12CE9003228B4 /* Info.plist */ = {isa = PBXFileReference; lastKnownFileType = text.plist.xml; path = Info.plist; sourceTree = "<group>"; };
		F011610322E0F5F100D433B2 /* Extensions.swift */ = {isa = PBXFileReference; lastKnownFileType = sourcecode.swift; path = Extensions.swift; sourceTree = "<group>"; };
		F0143F6122FBD26D004DF047 /* ChatLogController.swift */ = {isa = PBXFileReference; lastKnownFileType = sourcecode.swift; path = ChatLogController.swift; sourceTree = "<group>"; };
		F0143F6322FBF0BE004DF047 /* Message.swift */ = {isa = PBXFileReference; lastKnownFileType = sourcecode.swift; path = Message.swift; sourceTree = "<group>"; };
		F021592322DD05A600A2A530 /* User.swift */ = {isa = PBXFileReference; lastKnownFileType = sourcecode.swift; path = User.swift; sourceTree = "<group>"; };
		F0667D9E22DCDFC900B4DE18 /* LaunchScreen.storyboard */ = {isa = PBXFileReference; fileEncoding = 4; lastKnownFileType = file.storyboard; path = LaunchScreen.storyboard; sourceTree = "<group>"; };
		F0667D9F22DCDFC900B4DE18 /* Start.storyboard */ = {isa = PBXFileReference; fileEncoding = 4; lastKnownFileType = file.storyboard; path = Start.storyboard; sourceTree = "<group>"; };
		F0667DA022DCDFC900B4DE18 /* Home.storyboard */ = {isa = PBXFileReference; fileEncoding = 4; lastKnownFileType = file.storyboard; path = Home.storyboard; sourceTree = "<group>"; };
		F0667DA122DCDFC900B4DE18 /* Main.storyboard */ = {isa = PBXFileReference; fileEncoding = 4; lastKnownFileType = file.storyboard; path = Main.storyboard; sourceTree = "<group>"; };
		F0667DA222DCDFC900B4DE18 /* Schedule.storyboard */ = {isa = PBXFileReference; fileEncoding = 4; lastKnownFileType = file.storyboard; path = Schedule.storyboard; sourceTree = "<group>"; };
		F0667DA322DCDFC900B4DE18 /* Settings.storyboard */ = {isa = PBXFileReference; fileEncoding = 4; lastKnownFileType = file.storyboard; path = Settings.storyboard; sourceTree = "<group>"; };
		F0667DA422DCDFC900B4DE18 /* Account.storyboard */ = {isa = PBXFileReference; fileEncoding = 4; lastKnownFileType = file.storyboard; path = Account.storyboard; sourceTree = "<group>"; };
		F0667DA622DCDFC900B4DE18 /* SignUpViewController+UI.swift */ = {isa = PBXFileReference; fileEncoding = 4; lastKnownFileType = sourcecode.swift; path = "SignUpViewController+UI.swift"; sourceTree = "<group>"; };
		F0667DA922DCDFC900B4DE18 /* SignUpViewController.swift */ = {isa = PBXFileReference; fileEncoding = 4; lastKnownFileType = sourcecode.swift; path = SignUpViewController.swift; sourceTree = "<group>"; };
		F0667DAB22DCDFC900B4DE18 /* HomeViewController.swift */ = {isa = PBXFileReference; fileEncoding = 4; lastKnownFileType = sourcecode.swift; path = HomeViewController.swift; sourceTree = "<group>"; };
		F0667DAC22DCDFC900B4DE18 /* CalendarViewController.swift */ = {isa = PBXFileReference; fileEncoding = 4; lastKnownFileType = sourcecode.swift; path = CalendarViewController.swift; sourceTree = "<group>"; };
		F0667DAD22DCDFC900B4DE18 /* AccountViewController.swift */ = {isa = PBXFileReference; fileEncoding = 4; lastKnownFileType = sourcecode.swift; path = AccountViewController.swift; sourceTree = "<group>"; };
		F0667DAE22DCDFC900B4DE18 /* SignInViewController.swift */ = {isa = PBXFileReference; fileEncoding = 4; lastKnownFileType = sourcecode.swift; path = SignInViewController.swift; sourceTree = "<group>"; };
		F0667DAF22DCDFC900B4DE18 /* SettingsViewController.swift */ = {isa = PBXFileReference; fileEncoding = 4; lastKnownFileType = sourcecode.swift; path = SettingsViewController.swift; sourceTree = "<group>"; };
		F0667DB122DCDFC900B4DE18 /* Assets.xcassets */ = {isa = PBXFileReference; lastKnownFileType = folder.assetcatalog; path = Assets.xcassets; sourceTree = "<group>"; };
		F0667DB222DCDFC900B4DE18 /* GoogleService-Info.plist */ = {isa = PBXFileReference; fileEncoding = 4; lastKnownFileType = text.plist.xml; path = "GoogleService-Info.plist"; sourceTree = "<group>"; };
		F0667DB322DCDFC900B4DE18 /* Info.plist */ = {isa = PBXFileReference; fileEncoding = 4; lastKnownFileType = text.plist.xml; path = Info.plist; sourceTree = "<group>"; };
		F0667DB822DCDFC900B4DE18 /* AppDelegate.swift */ = {isa = PBXFileReference; fileEncoding = 4; lastKnownFileType = sourcecode.swift; path = AppDelegate.swift; sourceTree = "<group>"; };
		F0667DD022DCEF2900B4DE18 /* MessageTableViewController.swift */ = {isa = PBXFileReference; lastKnownFileType = sourcecode.swift; path = MessageTableViewController.swift; sourceTree = "<group>"; };
		F0667DD222DCF5C000B4DE18 /* NewMessageViewController.swift */ = {isa = PBXFileReference; lastKnownFileType = sourcecode.swift; path = NewMessageViewController.swift; sourceTree = "<group>"; };
		F069A4DE22FC9A4300E1F9BF /* UserCell.swift */ = {isa = PBXFileReference; lastKnownFileType = sourcecode.swift; path = UserCell.swift; sourceTree = "<group>"; };
		F08981DC230AE2D100559022 /* ChatMessageCell.swift */ = {isa = PBXFileReference; lastKnownFileType = sourcecode.swift; path = ChatMessageCell.swift; sourceTree = "<group>"; };
		F0E4267B22F9ECD50036DD4E /* MessagesTable.storyboard */ = {isa = PBXFileReference; lastKnownFileType = file.storyboard; path = MessagesTable.storyboard; sourceTree = "<group>"; };
		F647F7270FBC058287124A46 /* Pods-THEMedRec.debug.xcconfig */ = {isa = PBXFileReference; includeInIndex = 1; lastKnownFileType = text.xcconfig; name = "Pods-THEMedRec.debug.xcconfig"; path = "Pods/Target Support Files/Pods-THEMedRec/Pods-THEMedRec.debug.xcconfig"; sourceTree = "<group>"; };
		F6B1B29522D3AABF0086A5A9 /* EventKit.framework */ = {isa = PBXFileReference; lastKnownFileType = wrapper.framework; name = EventKit.framework; path = System/Library/Frameworks/EventKit.framework; sourceTree = SDKROOT; };
		F6B1B29922D3ABA40086A5A9 /* CalendarView_iOS.framework */ = {isa = PBXFileReference; lastKnownFileType = wrapper.framework; path = CalendarView_iOS.framework; sourceTree = "<group>"; };
		FB1329646A70F33CB03C613D /* Pods-THEMedRecTests.debug.xcconfig */ = {isa = PBXFileReference; includeInIndex = 1; lastKnownFileType = text.xcconfig; name = "Pods-THEMedRecTests.debug.xcconfig"; path = "Pods/Target Support Files/Pods-THEMedRecTests/Pods-THEMedRecTests.debug.xcconfig"; sourceTree = "<group>"; };
/* End PBXFileReference section */

/* Begin PBXFrameworksBuildPhase section */
		C18CCB4822D12CE8003228B4 /* Frameworks */ = {
			isa = PBXFrameworksBuildPhase;
			buildActionMask = 2147483647;
			files = (
				F6B1B29622D3AABF0086A5A9 /* EventKit.framework in Frameworks */,
				E65B78C9CB50B39FE20A3073 /* Pods_THEMedRec.framework in Frameworks */,
			);
			runOnlyForDeploymentPostprocessing = 0;
		};
		C18CCB5C22D12CE9003228B4 /* Frameworks */ = {
			isa = PBXFrameworksBuildPhase;
			buildActionMask = 2147483647;
			files = (
				BBC20870C3B8181143583DA6 /* Pods_THEMedRecTests.framework in Frameworks */,
			);
			runOnlyForDeploymentPostprocessing = 0;
		};
/* End PBXFrameworksBuildPhase section */

/* Begin PBXGroup section */
		2838A47D0AB60D8D1D87E81D /* Frameworks */ = {
			isa = PBXGroup;
			children = (
				F6B1B29522D3AABF0086A5A9 /* EventKit.framework */,
				930F3E3283B6ECC139224B03 /* Pods_THEMedRec.framework */,
				3675E43549B20D4B614D8AF2 /* Pods_THEMedRecTests.framework */,
			);
			name = Frameworks;
			sourceTree = "<group>";
		};
		C18CCB4222D12CE8003228B4 = {
			isa = PBXGroup;
			children = (
				F0667D9C22DCDFC900B4DE18 /* THEMedRec */,
				F6B1B29922D3ABA40086A5A9 /* CalendarView_iOS.framework */,
				C18CCB6222D12CE9003228B4 /* THEMedRecTests */,
				C18CCB4C22D12CE8003228B4 /* Products */,
				EDEDC233B90022FC6C5E148B /* Pods */,
				2838A47D0AB60D8D1D87E81D /* Frameworks */,
			);
			sourceTree = "<group>";
		};
		C18CCB4C22D12CE8003228B4 /* Products */ = {
			isa = PBXGroup;
			children = (
				C18CCB4B22D12CE8003228B4 /* THEMedRec.app */,
				C18CCB5F22D12CE9003228B4 /* THEMedRecTests.xctest */,
			);
			name = Products;
			sourceTree = "<group>";
		};
		C18CCB6222D12CE9003228B4 /* THEMedRecTests */ = {
			isa = PBXGroup;
			children = (
				C18CCB6322D12CE9003228B4 /* THEMedRecTests.swift */,
				C18CCB6522D12CE9003228B4 /* Info.plist */,
			);
			path = THEMedRecTests;
			sourceTree = "<group>";
		};
		EDEDC233B90022FC6C5E148B /* Pods */ = {
			isa = PBXGroup;
			children = (
				F647F7270FBC058287124A46 /* Pods-THEMedRec.debug.xcconfig */,
				718D077236C23781909F12DE /* Pods-THEMedRec.release.xcconfig */,
				FB1329646A70F33CB03C613D /* Pods-THEMedRecTests.debug.xcconfig */,
				9A3E00A1FF277071A321DB46 /* Pods-THEMedRecTests.release.xcconfig */,
			);
			name = Pods;
			sourceTree = "<group>";
		};
		F0667D9C22DCDFC900B4DE18 /* THEMedRec */ = {
			isa = PBXGroup;
			children = (
				F0667D9D22DCDFC900B4DE18 /* Storyboards */,
				F0667DA522DCDFC900B4DE18 /* Extensions */,
				F0667DA822DCDFC900B4DE18 /* ViewControllers */,
				F0667DB022DCDFC900B4DE18 /* SupportingFiles */,
				F0667DB422DCDFC900B4DE18 /* Controllers */,
			);
			path = THEMedRec;
			sourceTree = "<group>";
		};
		F0667D9D22DCDFC900B4DE18 /* Storyboards */ = {
			isa = PBXGroup;
			children = (
				F0667D9E22DCDFC900B4DE18 /* LaunchScreen.storyboard */,
				F0667D9F22DCDFC900B4DE18 /* Start.storyboard */,
				F0667DA022DCDFC900B4DE18 /* Home.storyboard */,
				F0667DA122DCDFC900B4DE18 /* Main.storyboard */,
				F0667DA222DCDFC900B4DE18 /* Schedule.storyboard */,
				F0667DA322DCDFC900B4DE18 /* Settings.storyboard */,
				F0667DA422DCDFC900B4DE18 /* Account.storyboard */,
				F0E4267B22F9ECD50036DD4E /* MessagesTable.storyboard */,
			);
			path = Storyboards;
			sourceTree = "<group>";
		};
		F0667DA522DCDFC900B4DE18 /* Extensions */ = {
			isa = PBXGroup;
			children = (
				F0667DA622DCDFC900B4DE18 /* SignUpViewController+UI.swift */,
				F011610322E0F5F100D433B2 /* Extensions.swift */,
			);
			path = Extensions;
			sourceTree = "<group>";
		};
		F0667DA822DCDFC900B4DE18 /* ViewControllers */ = {
			isa = PBXGroup;
			children = (
				F0667DAE22DCDFC900B4DE18 /* SignInViewController.swift */,
				F0667DA922DCDFC900B4DE18 /* SignUpViewController.swift */,
				F0667DAB22DCDFC900B4DE18 /* HomeViewController.swift */,
				F0667DAC22DCDFC900B4DE18 /* CalendarViewController.swift */,
				F0667DAD22DCDFC900B4DE18 /* AccountViewController.swift */,
				F0667DAF22DCDFC900B4DE18 /* SettingsViewController.swift */,
				F0667DD022DCEF2900B4DE18 /* MessageTableViewController.swift */,
				F0667DD222DCF5C000B4DE18 /* NewMessageViewController.swift */,
				F0143F6122FBD26D004DF047 /* ChatLogController.swift */,
			);
			path = ViewControllers;
			sourceTree = "<group>";
		};
		F0667DB022DCDFC900B4DE18 /* SupportingFiles */ = {
			isa = PBXGroup;
			children = (
				F0667DB122DCDFC900B4DE18 /* Assets.xcassets */,
				F0667DB222DCDFC900B4DE18 /* GoogleService-Info.plist */,
				F0667DB322DCDFC900B4DE18 /* Info.plist */,
			);
			path = SupportingFiles;
			sourceTree = "<group>";
		};
		F0667DB422DCDFC900B4DE18 /* Controllers */ = {
			isa = PBXGroup;
			children = (
				F0667DB822DCDFC900B4DE18 /* AppDelegate.swift */,
				F021592322DD05A600A2A530 /* User.swift */,
				F0143F6322FBF0BE004DF047 /* Message.swift */,
				F069A4DE22FC9A4300E1F9BF /* UserCell.swift */,
				F08981DC230AE2D100559022 /* ChatMessageCell.swift */,
			);
			path = Controllers;
			sourceTree = "<group>";
		};
/* End PBXGroup section */

/* Begin PBXNativeTarget section */
		C18CCB4A22D12CE8003228B4 /* THEMedRec */ = {
			isa = PBXNativeTarget;
			buildConfigurationList = C18CCB6822D12CE9003228B4 /* Build configuration list for PBXNativeTarget "THEMedRec" */;
			buildPhases = (
				02459EF96E988B7E26565FFD /* [CP] Check Pods Manifest.lock */,
				C18CCB4722D12CE8003228B4 /* Sources */,
				C18CCB4822D12CE8003228B4 /* Frameworks */,
				C18CCB4922D12CE8003228B4 /* Resources */,
				6758C5E34AEF8EB0FF510386 /* [CP] Embed Pods Frameworks */,
			);
			buildRules = (
			);
			dependencies = (
			);
			name = THEMedRec;
			productName = THEMedRec;
			productReference = C18CCB4B22D12CE8003228B4 /* THEMedRec.app */;
			productType = "com.apple.product-type.application";
		};
		C18CCB5E22D12CE9003228B4 /* THEMedRecTests */ = {
			isa = PBXNativeTarget;
			buildConfigurationList = C18CCB6B22D12CE9003228B4 /* Build configuration list for PBXNativeTarget "THEMedRecTests" */;
			buildPhases = (
				0C6A1461A61E9F9AD2B59F50 /* [CP] Check Pods Manifest.lock */,
				C18CCB5B22D12CE9003228B4 /* Sources */,
				C18CCB5C22D12CE9003228B4 /* Frameworks */,
				C18CCB5D22D12CE9003228B4 /* Resources */,
			);
			buildRules = (
			);
			dependencies = (
				C18CCB6122D12CE9003228B4 /* PBXTargetDependency */,
			);
			name = THEMedRecTests;
			productName = THEMedRecTests;
			productReference = C18CCB5F22D12CE9003228B4 /* THEMedRecTests.xctest */;
			productType = "com.apple.product-type.bundle.unit-test";
		};
/* End PBXNativeTarget section */

/* Begin PBXProject section */
		C18CCB4322D12CE8003228B4 /* Project object */ = {
			isa = PBXProject;
			attributes = {
				LastSwiftUpdateCheck = 1010;
				LastUpgradeCheck = 1010;
				ORGANIZATIONNAME = "Williams, Kai";
				TargetAttributes = {
					C18CCB4A22D12CE8003228B4 = {
						CreatedOnToolsVersion = 10.1;
					};
					C18CCB5E22D12CE9003228B4 = {
						CreatedOnToolsVersion = 10.1;
						TestTargetID = C18CCB4A22D12CE8003228B4;
					};
				};
			};
			buildConfigurationList = C18CCB4622D12CE8003228B4 /* Build configuration list for PBXProject "THEMedRec" */;
			compatibilityVersion = "Xcode 9.3";
			developmentRegion = en;
			hasScannedForEncodings = 0;
			knownRegions = (
				en,
				Base,
			);
			mainGroup = C18CCB4222D12CE8003228B4;
			productRefGroup = C18CCB4C22D12CE8003228B4 /* Products */;
			projectDirPath = "";
			projectRoot = "";
			targets = (
				C18CCB4A22D12CE8003228B4 /* THEMedRec */,
				C18CCB5E22D12CE9003228B4 /* THEMedRecTests */,
			);
		};
/* End PBXProject section */

/* Begin PBXResourcesBuildPhase section */
		C18CCB4922D12CE8003228B4 /* Resources */ = {
			isa = PBXResourcesBuildPhase;
			buildActionMask = 2147483647;
			files = (
				F0667DBB22DCDFC900B4DE18 /* Home.storyboard in Resources */,
				F0667DB922DCDFC900B4DE18 /* LaunchScreen.storyboard in Resources */,
				F0667DCA22DCDFC900B4DE18 /* GoogleService-Info.plist in Resources */,
				F0667DBA22DCDFC900B4DE18 /* Start.storyboard in Resources */,
				F0667DBE22DCDFC900B4DE18 /* Settings.storyboard in Resources */,
				F0667DBC22DCDFC900B4DE18 /* Main.storyboard in Resources */,
				F0667DBD22DCDFC900B4DE18 /* Schedule.storyboard in Resources */,
				F0667DC922DCDFC900B4DE18 /* Assets.xcassets in Resources */,
				F0667DBF22DCDFC900B4DE18 /* Account.storyboard in Resources */,
				F0E4267C22F9ECD50036DD4E /* MessagesTable.storyboard in Resources */,
			);
			runOnlyForDeploymentPostprocessing = 0;
		};
		C18CCB5D22D12CE9003228B4 /* Resources */ = {
			isa = PBXResourcesBuildPhase;
			buildActionMask = 2147483647;
			files = (
			);
			runOnlyForDeploymentPostprocessing = 0;
		};
/* End PBXResourcesBuildPhase section */

/* Begin PBXShellScriptBuildPhase section */
		02459EF96E988B7E26565FFD /* [CP] Check Pods Manifest.lock */ = {
			isa = PBXShellScriptBuildPhase;
			buildActionMask = 2147483647;
			files = (
			);
			inputPaths = (
				"${PODS_PODFILE_DIR_PATH}/Podfile.lock",
				"${PODS_ROOT}/Manifest.lock",
			);
			name = "[CP] Check Pods Manifest.lock";
			outputPaths = (
				"$(DERIVED_FILE_DIR)/Pods-THEMedRec-checkManifestLockResult.txt",
			);
			runOnlyForDeploymentPostprocessing = 0;
			shellPath = /bin/sh;
			shellScript = "diff \"${PODS_PODFILE_DIR_PATH}/Podfile.lock\" \"${PODS_ROOT}/Manifest.lock\" > /dev/null\nif [ $? != 0 ] ; then\n    # print error to STDERR\n    echo \"error: The sandbox is not in sync with the Podfile.lock. Run 'pod install' or update your CocoaPods installation.\" >&2\n    exit 1\nfi\n# This output is used by Xcode 'outputs' to avoid re-running this script phase.\necho \"SUCCESS\" > \"${SCRIPT_OUTPUT_FILE_0}\"\n";
			showEnvVarsInLog = 0;
		};
		0C6A1461A61E9F9AD2B59F50 /* [CP] Check Pods Manifest.lock */ = {
			isa = PBXShellScriptBuildPhase;
			buildActionMask = 2147483647;
			files = (
			);
			inputPaths = (
				"${PODS_PODFILE_DIR_PATH}/Podfile.lock",
				"${PODS_ROOT}/Manifest.lock",
			);
			name = "[CP] Check Pods Manifest.lock";
			outputPaths = (
				"$(DERIVED_FILE_DIR)/Pods-THEMedRecTests-checkManifestLockResult.txt",
			);
			runOnlyForDeploymentPostprocessing = 0;
			shellPath = /bin/sh;
			shellScript = "diff \"${PODS_PODFILE_DIR_PATH}/Podfile.lock\" \"${PODS_ROOT}/Manifest.lock\" > /dev/null\nif [ $? != 0 ] ; then\n    # print error to STDERR\n    echo \"error: The sandbox is not in sync with the Podfile.lock. Run 'pod install' or update your CocoaPods installation.\" >&2\n    exit 1\nfi\n# This output is used by Xcode 'outputs' to avoid re-running this script phase.\necho \"SUCCESS\" > \"${SCRIPT_OUTPUT_FILE_0}\"\n";
			showEnvVarsInLog = 0;
		};
		6758C5E34AEF8EB0FF510386 /* [CP] Embed Pods Frameworks */ = {
			isa = PBXShellScriptBuildPhase;
			buildActionMask = 2147483647;
			files = (
			);
			inputFileListPaths = (
				"${PODS_ROOT}/Target Support Files/Pods-THEMedRec/Pods-THEMedRec-frameworks-${CONFIGURATION}-input-files.xcfilelist",
			);
			name = "[CP] Embed Pods Frameworks";
			outputFileListPaths = (
				"${PODS_ROOT}/Target Support Files/Pods-THEMedRec/Pods-THEMedRec-frameworks-${CONFIGURATION}-output-files.xcfilelist",
			);
			runOnlyForDeploymentPostprocessing = 0;
			shellPath = /bin/sh;
			shellScript = "\"${PODS_ROOT}/Target Support Files/Pods-THEMedRec/Pods-THEMedRec-frameworks.sh\"\n";
			showEnvVarsInLog = 0;
		};
/* End PBXShellScriptBuildPhase section */

/* Begin PBXSourcesBuildPhase section */
		C18CCB4722D12CE8003228B4 /* Sources */ = {
			isa = PBXSourcesBuildPhase;
			buildActionMask = 2147483647;
			files = (
				F0667DC522DCDFC900B4DE18 /* CalendarViewController.swift in Sources */,
				F0667DC422DCDFC900B4DE18 /* HomeViewController.swift in Sources */,
				F0667DC622DCDFC900B4DE18 /* AccountViewController.swift in Sources */,
				F0667DC222DCDFC900B4DE18 /* SignUpViewController.swift in Sources */,
				F0667DC722DCDFC900B4DE18 /* SignInViewController.swift in Sources */,
				F08981DD230AE2D100559022 /* ChatMessageCell.swift in Sources */,
				F021592422DD05A600A2A530 /* User.swift in Sources */,
				F0667DCF22DCDFC900B4DE18 /* AppDelegate.swift in Sources */,
				F0667DC022DCDFC900B4DE18 /* SignUpViewController+UI.swift in Sources */,
				F069A4DF22FC9A4300E1F9BF /* UserCell.swift in Sources */,
				F0667DC822DCDFC900B4DE18 /* SettingsViewController.swift in Sources */,
				F011610422E0F5F100D433B2 /* Extensions.swift in Sources */,
				F0667DD122DCEF2900B4DE18 /* MessageTableViewController.swift in Sources */,
				F0143F6222FBD26D004DF047 /* ChatLogController.swift in Sources */,
				F0667DD322DCF5C000B4DE18 /* NewMessageViewController.swift in Sources */,
				F0143F6422FBF0BF004DF047 /* Message.swift in Sources */,
			);
			runOnlyForDeploymentPostprocessing = 0;
		};
		C18CCB5B22D12CE9003228B4 /* Sources */ = {
			isa = PBXSourcesBuildPhase;
			buildActionMask = 2147483647;
			files = (
				C18CCB6422D12CE9003228B4 /* THEMedRecTests.swift in Sources */,
			);
			runOnlyForDeploymentPostprocessing = 0;
		};
/* End PBXSourcesBuildPhase section */

/* Begin PBXTargetDependency section */
		C18CCB6122D12CE9003228B4 /* PBXTargetDependency */ = {
			isa = PBXTargetDependency;
			target = C18CCB4A22D12CE8003228B4 /* THEMedRec */;
			targetProxy = C18CCB6022D12CE9003228B4 /* PBXContainerItemProxy */;
		};
/* End PBXTargetDependency section */

/* Begin XCBuildConfiguration section */
		C18CCB6622D12CE9003228B4 /* Debug */ = {
			isa = XCBuildConfiguration;
			buildSettings = {
				ALWAYS_SEARCH_USER_PATHS = NO;
				CLANG_ANALYZER_NONNULL = YES;
				CLANG_ANALYZER_NUMBER_OBJECT_CONVERSION = YES_AGGRESSIVE;
				CLANG_CXX_LANGUAGE_STANDARD = "gnu++14";
				CLANG_CXX_LIBRARY = "libc++";
				CLANG_ENABLE_MODULES = YES;
				CLANG_ENABLE_OBJC_ARC = YES;
				CLANG_ENABLE_OBJC_WEAK = YES;
				CLANG_WARN_BLOCK_CAPTURE_AUTORELEASING = YES;
				CLANG_WARN_BOOL_CONVERSION = YES;
				CLANG_WARN_COMMA = YES;
				CLANG_WARN_CONSTANT_CONVERSION = YES;
				CLANG_WARN_DEPRECATED_OBJC_IMPLEMENTATIONS = YES;
				CLANG_WARN_DIRECT_OBJC_ISA_USAGE = YES_ERROR;
				CLANG_WARN_DOCUMENTATION_COMMENTS = YES;
				CLANG_WARN_EMPTY_BODY = YES;
				CLANG_WARN_ENUM_CONVERSION = YES;
				CLANG_WARN_INFINITE_RECURSION = YES;
				CLANG_WARN_INT_CONVERSION = YES;
				CLANG_WARN_NON_LITERAL_NULL_CONVERSION = YES;
				CLANG_WARN_OBJC_IMPLICIT_RETAIN_SELF = YES;
				CLANG_WARN_OBJC_LITERAL_CONVERSION = YES;
				CLANG_WARN_OBJC_ROOT_CLASS = YES_ERROR;
				CLANG_WARN_RANGE_LOOP_ANALYSIS = YES;
				CLANG_WARN_STRICT_PROTOTYPES = YES;
				CLANG_WARN_SUSPICIOUS_MOVE = YES;
				CLANG_WARN_UNGUARDED_AVAILABILITY = YES_AGGRESSIVE;
				CLANG_WARN_UNREACHABLE_CODE = YES;
				CLANG_WARN__DUPLICATE_METHOD_MATCH = YES;
				CODE_SIGN_IDENTITY = "iPhone Developer";
				COPY_PHASE_STRIP = NO;
				DEBUG_INFORMATION_FORMAT = dwarf;
				ENABLE_STRICT_OBJC_MSGSEND = YES;
				ENABLE_TESTABILITY = YES;
				GCC_C_LANGUAGE_STANDARD = gnu11;
				GCC_DYNAMIC_NO_PIC = NO;
				GCC_NO_COMMON_BLOCKS = YES;
				GCC_OPTIMIZATION_LEVEL = 0;
				GCC_PREPROCESSOR_DEFINITIONS = (
					"DEBUG=1",
					"$(inherited)",
				);
				GCC_WARN_64_TO_32_BIT_CONVERSION = YES;
				GCC_WARN_ABOUT_RETURN_TYPE = YES_ERROR;
				GCC_WARN_UNDECLARED_SELECTOR = YES;
				GCC_WARN_UNINITIALIZED_AUTOS = YES_AGGRESSIVE;
				GCC_WARN_UNUSED_FUNCTION = YES;
				GCC_WARN_UNUSED_VARIABLE = YES;
				IPHONEOS_DEPLOYMENT_TARGET = 12.1;
				MTL_ENABLE_DEBUG_INFO = INCLUDE_SOURCE;
				MTL_FAST_MATH = YES;
				ONLY_ACTIVE_ARCH = YES;
				SDKROOT = iphoneos;
				SWIFT_ACTIVE_COMPILATION_CONDITIONS = DEBUG;
				SWIFT_OPTIMIZATION_LEVEL = "-Onone";
			};
			name = Debug;
		};
		C18CCB6722D12CE9003228B4 /* Release */ = {
			isa = XCBuildConfiguration;
			buildSettings = {
				ALWAYS_SEARCH_USER_PATHS = NO;
				CLANG_ANALYZER_NONNULL = YES;
				CLANG_ANALYZER_NUMBER_OBJECT_CONVERSION = YES_AGGRESSIVE;
				CLANG_CXX_LANGUAGE_STANDARD = "gnu++14";
				CLANG_CXX_LIBRARY = "libc++";
				CLANG_ENABLE_MODULES = YES;
				CLANG_ENABLE_OBJC_ARC = YES;
				CLANG_ENABLE_OBJC_WEAK = YES;
				CLANG_WARN_BLOCK_CAPTURE_AUTORELEASING = YES;
				CLANG_WARN_BOOL_CONVERSION = YES;
				CLANG_WARN_COMMA = YES;
				CLANG_WARN_CONSTANT_CONVERSION = YES;
				CLANG_WARN_DEPRECATED_OBJC_IMPLEMENTATIONS = YES;
				CLANG_WARN_DIRECT_OBJC_ISA_USAGE = YES_ERROR;
				CLANG_WARN_DOCUMENTATION_COMMENTS = YES;
				CLANG_WARN_EMPTY_BODY = YES;
				CLANG_WARN_ENUM_CONVERSION = YES;
				CLANG_WARN_INFINITE_RECURSION = YES;
				CLANG_WARN_INT_CONVERSION = YES;
				CLANG_WARN_NON_LITERAL_NULL_CONVERSION = YES;
				CLANG_WARN_OBJC_IMPLICIT_RETAIN_SELF = YES;
				CLANG_WARN_OBJC_LITERAL_CONVERSION = YES;
				CLANG_WARN_OBJC_ROOT_CLASS = YES_ERROR;
				CLANG_WARN_RANGE_LOOP_ANALYSIS = YES;
				CLANG_WARN_STRICT_PROTOTYPES = YES;
				CLANG_WARN_SUSPICIOUS_MOVE = YES;
				CLANG_WARN_UNGUARDED_AVAILABILITY = YES_AGGRESSIVE;
				CLANG_WARN_UNREACHABLE_CODE = YES;
				CLANG_WARN__DUPLICATE_METHOD_MATCH = YES;
				CODE_SIGN_IDENTITY = "iPhone Developer";
				COPY_PHASE_STRIP = NO;
				DEBUG_INFORMATION_FORMAT = "dwarf-with-dsym";
				ENABLE_NS_ASSERTIONS = NO;
				ENABLE_STRICT_OBJC_MSGSEND = YES;
				GCC_C_LANGUAGE_STANDARD = gnu11;
				GCC_NO_COMMON_BLOCKS = YES;
				GCC_WARN_64_TO_32_BIT_CONVERSION = YES;
				GCC_WARN_ABOUT_RETURN_TYPE = YES_ERROR;
				GCC_WARN_UNDECLARED_SELECTOR = YES;
				GCC_WARN_UNINITIALIZED_AUTOS = YES_AGGRESSIVE;
				GCC_WARN_UNUSED_FUNCTION = YES;
				GCC_WARN_UNUSED_VARIABLE = YES;
				IPHONEOS_DEPLOYMENT_TARGET = 12.1;
				MTL_ENABLE_DEBUG_INFO = NO;
				MTL_FAST_MATH = YES;
				SDKROOT = iphoneos;
				SWIFT_COMPILATION_MODE = wholemodule;
				SWIFT_OPTIMIZATION_LEVEL = "-O";
				VALIDATE_PRODUCT = YES;
			};
			name = Release;
		};
		C18CCB6922D12CE9003228B4 /* Debug */ = {
			isa = XCBuildConfiguration;
			baseConfigurationReference = F647F7270FBC058287124A46 /* Pods-THEMedRec.debug.xcconfig */;
			buildSettings = {
				ASSETCATALOG_COMPILER_APPICON_NAME = AppIcon;
				CODE_SIGN_STYLE = Automatic;
				FRAMEWORK_SEARCH_PATHS = (
					"$(inherited)",
					"$(PROJECT_DIR)",
				);
				INFOPLIST_FILE = "$(SRCROOT)/THEMedRec/SupportingFiles/Info.plist";
				IPHONEOS_DEPLOYMENT_TARGET = 12.1;
				LD_RUNPATH_SEARCH_PATHS = (
					"$(inherited)",
					"@executable_path/Frameworks",
				);
				PRODUCT_BUNDLE_IDENTIFIER = com.example.THEMedRec;
				PRODUCT_NAME = "$(TARGET_NAME)";
				SWIFT_VERSION = 4.2;
				TARGETED_DEVICE_FAMILY = 1;
			};
			name = Debug;
		};
		C18CCB6A22D12CE9003228B4 /* Release */ = {
			isa = XCBuildConfiguration;
			baseConfigurationReference = 718D077236C23781909F12DE /* Pods-THEMedRec.release.xcconfig */;
			buildSettings = {
				ASSETCATALOG_COMPILER_APPICON_NAME = AppIcon;
				CODE_SIGN_STYLE = Automatic;
				FRAMEWORK_SEARCH_PATHS = (
					"$(inherited)",
					"$(PROJECT_DIR)",
				);
				INFOPLIST_FILE = "$(SRCROOT)/THEMedRec/SupportingFiles/Info.plist";
				IPHONEOS_DEPLOYMENT_TARGET = 12.1;
				LD_RUNPATH_SEARCH_PATHS = (
					"$(inherited)",
					"@executable_path/Frameworks",
				);
				PRODUCT_BUNDLE_IDENTIFIER = com.example.THEMedRec;
				PRODUCT_NAME = "$(TARGET_NAME)";
				SWIFT_VERSION = 4.2;
				TARGETED_DEVICE_FAMILY = 1;
			};
			name = Release;
		};
		C18CCB6C22D12CE9003228B4 /* Debug */ = {
			isa = XCBuildConfiguration;
			baseConfigurationReference = FB1329646A70F33CB03C613D /* Pods-THEMedRecTests.debug.xcconfig */;
			buildSettings = {
				ALWAYS_EMBED_SWIFT_STANDARD_LIBRARIES = YES;
				BUNDLE_LOADER = "$(TEST_HOST)";
				CODE_SIGN_STYLE = Automatic;
				INFOPLIST_FILE = THEMedRecTests/Info.plist;
				LD_RUNPATH_SEARCH_PATHS = (
					"$(inherited)",
					"@executable_path/Frameworks",
					"@loader_path/Frameworks",
				);
				PRODUCT_BUNDLE_IDENTIFIER = com.example.THEMedRecTests;
				PRODUCT_NAME = "$(TARGET_NAME)";
				SWIFT_VERSION = 4.2;
				TARGETED_DEVICE_FAMILY = "1,2";
				TEST_HOST = "$(BUILT_PRODUCTS_DIR)/THEMedRec.app/THEMedRec";
			};
			name = Debug;
		};
		C18CCB6D22D12CE9003228B4 /* Release */ = {
			isa = XCBuildConfiguration;
			baseConfigurationReference = 9A3E00A1FF277071A321DB46 /* Pods-THEMedRecTests.release.xcconfig */;
			buildSettings = {
				ALWAYS_EMBED_SWIFT_STANDARD_LIBRARIES = YES;
				BUNDLE_LOADER = "$(TEST_HOST)";
				CODE_SIGN_STYLE = Automatic;
				INFOPLIST_FILE = THEMedRecTests/Info.plist;
				LD_RUNPATH_SEARCH_PATHS = (
					"$(inherited)",
					"@executable_path/Frameworks",
					"@loader_path/Frameworks",
				);
				PRODUCT_BUNDLE_IDENTIFIER = com.example.THEMedRecTests;
				PRODUCT_NAME = "$(TARGET_NAME)";
				SWIFT_VERSION = 4.2;
				TARGETED_DEVICE_FAMILY = "1,2";
				TEST_HOST = "$(BUILT_PRODUCTS_DIR)/THEMedRec.app/THEMedRec";
			};
			name = Release;
		};
/* End XCBuildConfiguration section */

/* Begin XCConfigurationList section */
		C18CCB4622D12CE8003228B4 /* Build configuration list for PBXProject "THEMedRec" */ = {
			isa = XCConfigurationList;
			buildConfigurations = (
				C18CCB6622D12CE9003228B4 /* Debug */,
				C18CCB6722D12CE9003228B4 /* Release */,
			);
			defaultConfigurationIsVisible = 0;
			defaultConfigurationName = Release;
		};
		C18CCB6822D12CE9003228B4 /* Build configuration list for PBXNativeTarget "THEMedRec" */ = {
			isa = XCConfigurationList;
			buildConfigurations = (
				C18CCB6922D12CE9003228B4 /* Debug */,
				C18CCB6A22D12CE9003228B4 /* Release */,
			);
			defaultConfigurationIsVisible = 0;
			defaultConfigurationName = Release;
		};
		C18CCB6B22D12CE9003228B4 /* Build configuration list for PBXNativeTarget "THEMedRecTests" */ = {
			isa = XCConfigurationList;
			buildConfigurations = (
				C18CCB6C22D12CE9003228B4 /* Debug */,
				C18CCB6D22D12CE9003228B4 /* Release */,
			);
			defaultConfigurationIsVisible = 0;
			defaultConfigurationName = Release;
		};
/* End XCConfigurationList section */
	};
	rootObject = C18CCB4322D12CE8003228B4 /* Project object */;
}
